
Microsoft Visual Studio Solution File, Format Version 12.00
# Visual Studio Version 17
VisualStudioVersion = 17.13.35806.99
MinimumVisualStudioVersion = 10.0.40219.1
Project("{FAE04EC0-301F-11D3-BF4B-00C04F79EFBC}") = "NecliGestion.Entidades", "..\NecliGestion.Entidades2.0\NecliGestion.Entidades.csproj", "{24162D45-8B82-4F5D-8815-9085BECF0019}"
EndProject
Project("{FAE04EC0-301F-11D3-BF4B-00C04F79EFBC}") = "NecliGestion.Logica", "..\NequiGestion.Logica\NecliGestion.Logica.csproj", "{3F238783-45C4-4AFF-8D5C-49F2A133C047}"
EndProject
Project("{FAE04EC0-301F-11D3-BF4B-00C04F79EFBC}") = "NecliGestion.Persistencia", "..\NequiGestion.Persistencia\NecliGestion.Persistencia.csproj", "{ED106971-AF49-48BC-A947-CE2E0FE5372F}"
EndProject
Project("{FAE04EC0-301F-11D3-BF4B-00C04F79EFBC}") = "Necli3.0", "..\Necli3.0\Necli3.0.csproj", "{1D74F95A-9423-431D-9227-85867008D8D6}"
EndProject
Project("{FAE04EC0-301F-11D3-BF4B-00C04F79EFBC}") = "program.cs", "..\program.cs\program.cs.csproj", "{FA07CA86-2621-4D59-A8A8-2706DC75D9EC}"
EndProject
Global
	GlobalSection(SolutionConfigurationPlatforms) = preSolution
		Debug|Any CPU = Debug|Any CPU
		Release|Any CPU = Release|Any CPU
	EndGlobalSection
	GlobalSection(ProjectConfigurationPlatforms) = postSolution
		{24162D45-8B82-4F5D-8815-9085BECF0019}.Debug|Any CPU.ActiveCfg = Debug|Any CPU
		{24162D45-8B82-4F5D-8815-9085BECF0019}.Debug|Any CPU.Build.0 = Debug|Any CPU
		{24162D45-8B82-4F5D-8815-9085BECF0019}.Release|Any CPU.ActiveCfg = Release|Any CPU
		{24162D45-8B82-4F5D-8815-9085BECF0019}.Release|Any CPU.Build.0 = Release|Any CPU
		{3F238783-45C4-4AFF-8D5C-49F2A133C047}.Debug|Any CPU.ActiveCfg = Debug|Any CPU
		{3F238783-45C4-4AFF-8D5C-49F2A133C047}.Debug|Any CPU.Build.0 = Debug|Any CPU
		{3F238783-45C4-4AFF-8D5C-49F2A133C047}.Release|Any CPU.ActiveCfg = Release|Any CPU
		{3F238783-45C4-4AFF-8D5C-49F2A133C047}.Release|Any CPU.Build.0 = Release|Any CPU
		{ED106971-AF49-48BC-A947-CE2E0FE5372F}.Debug|Any CPU.ActiveCfg = Debug|Any CPU
		{ED106971-AF49-48BC-A947-CE2E0FE5372F}.Debug|Any CPU.Build.0 = Debug|Any CPU
		{ED106971-AF49-48BC-A947-CE2E0FE5372F}.Release|Any CPU.ActiveCfg = Release|Any CPU
		{ED106971-AF49-48BC-A947-CE2E0FE5372F}.Release|Any CPU.Build.0 = Release|Any CPU
		{1D74F95A-9423-431D-9227-85867008D8D6}.Debug|Any CPU.ActiveCfg = Debug|Any CPU
		{1D74F95A-9423-431D-9227-85867008D8D6}.Debug|Any CPU.Build.0 = Debug|Any CPU
		{1D74F95A-9423-431D-9227-85867008D8D6}.Release|Any CPU.ActiveCfg = Release|Any CPU
		{1D74F95A-9423-431D-9227-85867008D8D6}.Release|Any CPU.Build.0 = Release|Any CPU
		{FA07CA86-2621-4D59-A8A8-2706DC75D9EC}.Debug|Any CPU.ActiveCfg = Debug|Any CPU
		{FA07CA86-2621-4D59-A8A8-2706DC75D9EC}.Debug|Any CPU.Build.0 = Debug|Any CPU
		{FA07CA86-2621-4D59-A8A8-2706DC75D9EC}.Release|Any CPU.ActiveCfg = Release|Any CPU
		{FA07CA86-2621-4D59-A8A8-2706DC75D9EC}.Release|Any CPU.Build.0 = Release|Any CPU
	EndGlobalSection
	GlobalSection(SolutionProperties) = preSolution
		HideSolutionNode = FALSE
	EndGlobalSection
	GlobalSection(ExtensibilityGlobals) = postSolution
		SolutionGuid = {BAD7CB4E-DE54-4CA7-90A6-11EC266FA8E0}
	EndGlobalSection
EndGlobal
